
Microsoft Visual Studio Solution File, Format Version 12.00
Project("{2150E333-8FDC-42A3-9474-1A3956D46DE8}") = "_SolutionItems", "_SolutionItems", "{90CBB63A-A376-4442-ADD1-3FE7F1858819}"
	ProjectSection(SolutionItems) = preProject
		Directory.Build.props = Directory.Build.props
		Directory.Packages.props = Directory.Packages.props
	EndProjectSection
EndProject
Project("{FAE04EC0-301F-11D3-BF4B-00C04F79EFBC}") = "Borsuk", "Source\Borsuk\Borsuk.csproj", "{1957FD04-2273-4BC9-80B1-501E16AE5283}"
EndProject
Project("{FAE04EC0-301F-11D3-BF4B-00C04F79EFBC}") = "Borsuk.Windowing", "Source\Borsuk.Windowing\Borsuk.Windowing.csproj", "{F6C3B0FE-EBB1-420F-88C3-1E0F79ADD8BE}"
EndProject
Project("{FAE04EC0-301F-11D3-BF4B-00C04F79EFBC}") = "Borsuk.Windowing.Sdl2", "Source\Borsuk.Windowing.Sdl2\Borsuk.Windowing.Sdl2.csproj", "{01A71960-082D-47DC-A267-E8CCB9B581A3}"
EndProject
Project("{FAE04EC0-301F-11D3-BF4B-00C04F79EFBC}") = "Borsuk.Sdl", "Source\Borsuk.Sdl\Borsuk.Sdl.csproj", "{11191669-76C4-4BA9-B5D1-45EC8498F6E7}"
EndProject
Project("{2150E333-8FDC-42A3-9474-1A3956D46DE8}") = "Windowing", "Windowing", "{C56F0C5E-C004-46DB-A163-9E0B64DE8858}"
EndProject
Project("{2150E333-8FDC-42A3-9474-1A3956D46DE8}") = "Rendering", "Rendering", "{7EE63DF9-8C9D-4FA2-9C84-B066006B8757}"
EndProject
Project("{FAE04EC0-301F-11D3-BF4B-00C04F79EFBC}") = "Borsuk.Rendering", "Source\Borsuk.Rendering\Borsuk.Rendering.csproj", "{46C355EC-D2A1-478B-BA20-3CF37D8D4947}"
EndProject
Project("{FAE04EC0-301F-11D3-BF4B-00C04F79EFBC}") = "Borsuk.Rendering.Sdl2", "Source\Borsuk.Rendering.Sdl2\Borsuk.Rendering.Sdl2.csproj", "{12A93ECC-095E-4188-B810-04B7451B3A6D}"
EndProject
Project("{2150E333-8FDC-42A3-9474-1A3956D46DE8}") = "Examples", "Examples", "{DAEDD769-D3B9-4FBA-812E-3E60E1B92805}"
EndProject
Project("{2150E333-8FDC-42A3-9474-1A3956D46DE8}") = "Source", "Source", "{16187067-C464-4008-B3D4-CCE8AD37F01A}"
EndProject
Project("{FAE04EC0-301F-11D3-BF4B-00C04F79EFBC}") = "Borsuk.Examples.HelloWorld", "Examples\Borsuk.Examples.HelloWorld\Borsuk.Examples.HelloWorld.csproj", "{978EE4A2-573A-49CF-8730-8D63FE85C04E}"
EndProject
Global
	GlobalSection(SolutionConfigurationPlatforms) = preSolution
		Debug|Any CPU = Debug|Any CPU
		Release|Any CPU = Release|Any CPU
	EndGlobalSection
	GlobalSection(ProjectConfigurationPlatforms) = postSolution
		{1957FD04-2273-4BC9-80B1-501E16AE5283}.Debug|Any CPU.ActiveCfg = Debug|Any CPU
		{1957FD04-2273-4BC9-80B1-501E16AE5283}.Debug|Any CPU.Build.0 = Debug|Any CPU
		{1957FD04-2273-4BC9-80B1-501E16AE5283}.Release|Any CPU.ActiveCfg = Release|Any CPU
		{1957FD04-2273-4BC9-80B1-501E16AE5283}.Release|Any CPU.Build.0 = Release|Any CPU
		{F6C3B0FE-EBB1-420F-88C3-1E0F79ADD8BE}.Debug|Any CPU.ActiveCfg = Debug|Any CPU
		{F6C3B0FE-EBB1-420F-88C3-1E0F79ADD8BE}.Debug|Any CPU.Build.0 = Debug|Any CPU
		{F6C3B0FE-EBB1-420F-88C3-1E0F79ADD8BE}.Release|Any CPU.ActiveCfg = Release|Any CPU
		{F6C3B0FE-EBB1-420F-88C3-1E0F79ADD8BE}.Release|Any CPU.Build.0 = Release|Any CPU
		{01A71960-082D-47DC-A267-E8CCB9B581A3}.Debug|Any CPU.ActiveCfg = Debug|Any CPU
		{01A71960-082D-47DC-A267-E8CCB9B581A3}.Debug|Any CPU.Build.0 = Debug|Any CPU
		{01A71960-082D-47DC-A267-E8CCB9B581A3}.Release|Any CPU.ActiveCfg = Release|Any CPU
		{01A71960-082D-47DC-A267-E8CCB9B581A3}.Release|Any CPU.Build.0 = Release|Any CPU
		{11191669-76C4-4BA9-B5D1-45EC8498F6E7}.Debug|Any CPU.ActiveCfg = Debug|Any CPU
		{11191669-76C4-4BA9-B5D1-45EC8498F6E7}.Debug|Any CPU.Build.0 = Debug|Any CPU
		{11191669-76C4-4BA9-B5D1-45EC8498F6E7}.Release|Any CPU.ActiveCfg = Release|Any CPU
		{11191669-76C4-4BA9-B5D1-45EC8498F6E7}.Release|Any CPU.Build.0 = Release|Any CPU
		{46C355EC-D2A1-478B-BA20-3CF37D8D4947}.Debug|Any CPU.ActiveCfg = Debug|Any CPU
		{46C355EC-D2A1-478B-BA20-3CF37D8D4947}.Debug|Any CPU.Build.0 = Debug|Any CPU
		{46C355EC-D2A1-478B-BA20-3CF37D8D4947}.Release|Any CPU.ActiveCfg = Release|Any CPU
		{46C355EC-D2A1-478B-BA20-3CF37D8D4947}.Release|Any CPU.Build.0 = Release|Any CPU
		{12A93ECC-095E-4188-B810-04B7451B3A6D}.Debug|Any CPU.ActiveCfg = Debug|Any CPU
		{12A93ECC-095E-4188-B810-04B7451B3A6D}.Debug|Any CPU.Build.0 = Debug|Any CPU
		{12A93ECC-095E-4188-B810-04B7451B3A6D}.Release|Any CPU.ActiveCfg = Release|Any CPU
		{12A93ECC-095E-4188-B810-04B7451B3A6D}.Release|Any CPU.Build.0 = Release|Any CPU
		{978EE4A2-573A-49CF-8730-8D63FE85C04E}.Debug|Any CPU.ActiveCfg = Debug|Any CPU
		{978EE4A2-573A-49CF-8730-8D63FE85C04E}.Debug|Any CPU.Build.0 = Debug|Any CPU
		{978EE4A2-573A-49CF-8730-8D63FE85C04E}.Release|Any CPU.ActiveCfg = Release|Any CPU
		{978EE4A2-573A-49CF-8730-8D63FE85C04E}.Release|Any CPU.Build.0 = Release|Any CPU
	EndGlobalSection
	GlobalSection(NestedProjects) = preSolution
		{F6C3B0FE-EBB1-420F-88C3-1E0F79ADD8BE} = {C56F0C5E-C004-46DB-A163-9E0B64DE8858}
		{01A71960-082D-47DC-A267-E8CCB9B581A3} = {C56F0C5E-C004-46DB-A163-9E0B64DE8858}
		{46C355EC-D2A1-478B-BA20-3CF37D8D4947} = {7EE63DF9-8C9D-4FA2-9C84-B066006B8757}
		{12A93ECC-095E-4188-B810-04B7451B3A6D} = {7EE63DF9-8C9D-4FA2-9C84-B066006B8757}
		{11191669-76C4-4BA9-B5D1-45EC8498F6E7} = {16187067-C464-4008-B3D4-CCE8AD37F01A}
		{1957FD04-2273-4BC9-80B1-501E16AE5283} = {16187067-C464-4008-B3D4-CCE8AD37F01A}
		{C56F0C5E-C004-46DB-A163-9E0B64DE8858} = {16187067-C464-4008-B3D4-CCE8AD37F01A}
		{7EE63DF9-8C9D-4FA2-9C84-B066006B8757} = {16187067-C464-4008-B3D4-CCE8AD37F01A}
		{978EE4A2-573A-49CF-8730-8D63FE85C04E} = {DAEDD769-D3B9-4FBA-812E-3E60E1B92805}
	EndGlobalSection
EndGlobal
